{
  "name": "2023",
  "lockfileVersion": 3,
  "requires": true,
  "packages": {
    "": {
      "dependencies": {
        "flatqueue": "^2.0.3"
      }
    },
    "node_modules/flatqueue": {
      "version": "2.0.3",
      "resolved": "https://registry.npmjs.org/flatqueue/-/flatqueue-2.0.3.tgz",
      "integrity": "sha512-RZCWZNkmxzUOh8jqEcEGZCycb3B8KAfpPwg3H//cURasunYxsg1eIvE+QDSjX+ZPHTIVfINfK1aLTrVKKO0i4g==",
      "engines": {
        "node": ">= 12.17.0"
      }
    }
  }
}
